# This file is automatically @generated by Poetry 1.8.2 and should not be changed by hand.

[[package]]
name = "certifi"
version = "2024.2.2"
description = "Python package for providing Mozilla's CA Bundle."
optional = false
python-versions = ">=3.6"
files = [
    {file = "certifi-2024.2.2-py3-none-any.whl", hash = "sha256:dc383c07b76109f368f6106eee2b593b04a011ea4d55f652c6ca24a754d1cdd1"},
    {file = "certifi-2024.2.2.tar.gz", hash = "sha256:0569859f95fc761b18b45ef421b1290a0f65f147e92a1e5eb3e635f9a5e4e66f"},
]

[[package]]
name = "psycopg2"
version = "2.9.9"
description = "psycopg2 - Python-PostgreSQL Database Adapter"
optional = false
python-versions = ">=3.7"
files = [
    {file = "psycopg2-2.9.9-cp310-cp310-win32.whl", hash = "sha256:38a8dcc6856f569068b47de286b472b7c473ac7977243593a288ebce0dc89516"},
    {file = "psycopg2-2.9.9-cp310-cp310-win_amd64.whl", hash = "sha256:426f9f29bde126913a20a96ff8ce7d73fd8a216cfb323b1f04da402d452853c3"},
    {file = "psycopg2-2.9.9-cp311-cp311-win32.whl", hash = "sha256:ade01303ccf7ae12c356a5e10911c9e1c51136003a9a1d92f7aa9d010fb98372"},
    {file = "psycopg2-2.9.9-cp311-cp311-win_amd64.whl", hash = "sha256:121081ea2e76729acfb0673ff33755e8703d45e926e416cb59bae3a86c6a4981"},
    {file = "psycopg2-2.9.9-cp312-cp312-win32.whl", hash = "sha256:d735786acc7dd25815e89cc4ad529a43af779db2e25aa7c626de864127e5a024"},
    {file = "psycopg2-2.9.9-cp312-cp312-win_amd64.whl", hash = "sha256:a7653d00b732afb6fc597e29c50ad28087dcb4fbfb28e86092277a559ae4e693"},
    {file = "psycopg2-2.9.9-cp37-cp37m-win32.whl", hash = "sha256:5e0d98cade4f0e0304d7d6f25bbfbc5bd186e07b38eac65379309c4ca3193efa"},
    {file = "psycopg2-2.9.9-cp37-cp37m-win_amd64.whl", hash = "sha256:7e2dacf8b009a1c1e843b5213a87f7c544b2b042476ed7755be813eaf4e8347a"},
    {file = "psycopg2-2.9.9-cp38-cp38-win32.whl", hash = "sha256:ff432630e510709564c01dafdbe996cb552e0b9f3f065eb89bdce5bd31fabf4c"},
    {file = "psycopg2-2.9.9-cp38-cp38-win_amd64.whl", hash = "sha256:bac58c024c9922c23550af2a581998624d6e02350f4ae9c5f0bc642c633a2d5e"},
    {file = "psycopg2-2.9.9-cp39-cp39-win32.whl", hash = "sha256:c92811b2d4c9b6ea0285942b2e7cac98a59e166d59c588fe5cfe1eda58e72d59"},
    {file = "psycopg2-2.9.9-cp39-cp39-win_amd64.whl", hash = "sha256:de80739447af31525feddeb8effd640782cf5998e1a4e9192ebdf829717e3913"},
    {file = "psycopg2-2.9.9.tar.gz", hash = "sha256:d1454bde93fb1e224166811694d600e746430c006fbb031ea06ecc2ea41bf156"},
]

[[package]]
name = "pulsar-client"
version = "3.5.0"
description = "Apache Pulsar Python client library"
optional = false
python-versions = "*"
files = [
    {file = "pulsar_client-3.5.0-cp310-cp310-macosx_10_15_universal2.whl", hash = "sha256:c18552edb2f785de85280fe624bc507467152bff810fc81d7660fa2dfa861f38"},
    {file = "pulsar_client-3.5.0-cp310-cp310-manylinux_2_17_aarch64.manylinux2014_aarch64.whl", hash = "sha256:18d438e456c146f01be41ef146f649dedc8f7bc714d9eaef94cff2e34099812b"},
    {file = "pulsar_client-3.5.0-cp310-cp310-manylinux_2_17_x86_64.manylinux2014_x86_64.whl", hash = "sha256:18a26a0719841103c7a89eb1492c4a8fedf89adaa386375baecbb4fa2707e88f"},
    {file = "pulsar_client-3.5.0-cp310-cp310-musllinux_1_1_aarch64.whl", hash = "sha256:ab0e1605dc5f44a126163fd06cd0a768494ad05123f6e0de89a2c71d6e2d2319"},
    {file = "pulsar_client-3.5.0-cp310-cp310-musllinux_1_1_x86_64.whl", hash = "sha256:cdef720891b97656fdce3bf5913ea7729b2156b84ba64314f432c1e72c6117fa"},
    {file = "pulsar_client-3.5.0-cp310-cp310-win_amd64.whl", hash = "sha256:a42544e38773191fe550644a90e8050579476bb2dcf17ac69a4aed62a6cb70e7"},
    {file = "pulsar_client-3.5.0-cp311-cp311-macosx_10_15_universal2.whl", hash = "sha256:fd94432ea5d398ea78f8f2e09a217ec5058d26330c137a22690478c031e116da"},
    {file = "pulsar_client-3.5.0-cp311-cp311-manylinux_2_17_aarch64.manylinux2014_aarch64.whl", hash = "sha256:d6252ae462e07ece4071213fdd9c76eab82ca522a749f2dc678037d4cbacd40b"},
    {file = "pulsar_client-3.5.0-cp311-cp311-manylinux_2_17_x86_64.manylinux2014_x86_64.whl", hash = "sha256:03b4d440b2d74323784328b082872ee2f206c440b5d224d7941eb3c083ec06c6"},
    {file = "pulsar_client-3.5.0-cp311-cp311-musllinux_1_1_aarch64.whl", hash = "sha256:f60af840b8d64a2fac5a0c1ce6ae0ddffec5f42267c6ded2c5e74bad8345f2a1"},
    {file = "pulsar_client-3.5.0-cp311-cp311-musllinux_1_1_x86_64.whl", hash = "sha256:2277a447c3b7f6571cb1eb9fc5c25da3fdd43d0b2fb91cf52054adfadc7d6842"},
    {file = "pulsar_client-3.5.0-cp311-cp311-win_amd64.whl", hash = "sha256:f20f3e9dd50db2a37059abccad42078b7a4754b8bc1d3ae6502e71c1ad2209f0"},
    {file = "pulsar_client-3.5.0-cp312-cp312-macosx_10_15_universal2.whl", hash = "sha256:d61f663d85308e12f44033ba95af88730f581a7e8da44f7a5c080a3aaea4878d"},
    {file = "pulsar_client-3.5.0-cp312-cp312-manylinux_2_17_aarch64.manylinux2014_aarch64.whl", hash = "sha256:2a1ba0be25b6f747bcb28102b7d906ec1de48dc9f1a2d9eacdcc6f44ab2c9e17"},
    {file = "pulsar_client-3.5.0-cp312-cp312-manylinux_2_17_x86_64.manylinux2014_x86_64.whl", hash = "sha256:a181e3e60ac39df72ccb3c415d7aeac61ad0286497a6e02739a560d5af28393a"},
    {file = "pulsar_client-3.5.0-cp312-cp312-musllinux_1_1_aarch64.whl", hash = "sha256:3c72895ff7f51347e4f78b0375b2213fa70dd4790bbb78177b4002846f1fd290"},
    {file = "pulsar_client-3.5.0-cp312-cp312-musllinux_1_1_x86_64.whl", hash = "sha256:547dba1b185a17eba915e51d0a3aca27c80747b6187e5cd7a71a3ca33921decc"},
    {file = "pulsar_client-3.5.0-cp312-cp312-win_amd64.whl", hash = "sha256:443b786eed96bc86d2297a6a42e79f39d1abf217ec603e0bd303f3488c0234af"},
    {file = "pulsar_client-3.5.0-cp38-cp38-macosx_10_15_universal2.whl", hash = "sha256:15b58f5d759dd6166db8a2d90ed05a38063b05cda76c36d190d86ef5c9249397"},
    {file = "pulsar_client-3.5.0-cp38-cp38-manylinux_2_17_aarch64.manylinux2014_aarch64.whl", hash = "sha256:af34bfe813dddf772a8a298117fa0a036ee963595d8bc8f00d969a0329ae6ed9"},
    {file = "pulsar_client-3.5.0-cp38-cp38-manylinux_2_17_x86_64.manylinux2014_x86_64.whl", hash = "sha256:27a0fec1dd74e1367d3742ce16679c1807994df60f5e666f440cf39323938fad"},
    {file = "pulsar_client-3.5.0-cp38-cp38-musllinux_1_1_aarch64.whl", hash = "sha256:dbcd26ef9c03f96fb9cd91baec3bbd3c4b997834eb3556670d31f41cc25b5f64"},
    {file = "pulsar_client-3.5.0-cp38-cp38-musllinux_1_1_x86_64.whl", hash = "sha256:afea1d0b6e793fd56e56463145751ff3aa79fdcd5b26e90d0da802a1bbabe07e"},
    {file = "pulsar_client-3.5.0-cp38-cp38-win_amd64.whl", hash = "sha256:da1ab2fb1bef64b966e9403a0a186ebc90368d99e054ce2cae5b1128478f4ef4"},
    {file = "pulsar_client-3.5.0-cp39-cp39-macosx_10_15_universal2.whl", hash = "sha256:9ad5dcc0eb8d2a7c0fb8e1fa146a0c6d4bdaf934f1169080b2c64b2f0573e086"},
    {file = "pulsar_client-3.5.0-cp39-cp39-manylinux_2_17_aarch64.manylinux2014_aarch64.whl", hash = "sha256:e5870c6805b1a57962ed908d1173e97e13470415998393925c86a43694420389"},
    {file = "pulsar_client-3.5.0-cp39-cp39-manylinux_2_17_x86_64.manylinux2014_x86_64.whl", hash = "sha256:29cb5fedb969895b78301dc00a979133e69940812b8332e4de948bb0ad3db7cb"},
    {file = "pulsar_client-3.5.0-cp39-cp39-musllinux_1_1_aarch64.whl", hash = "sha256:e53c74bfa59b20c66adea95023169060f5048dd8d843e6ef9cd3b8ee2d23e93b"},
    {file = "pulsar_client-3.5.0-cp39-cp39-musllinux_1_1_x86_64.whl", hash = "sha256:99dbadb13967f1add57010971ed36b5a77d24afcdaea01960d0e55e56cf4ba6f"},
    {file = "pulsar_client-3.5.0-cp39-cp39-win_amd64.whl", hash = "sha256:058887661d438796f42307dcc8054c84dea88a37683dae36498b95d7e1c39b37"},
]

[package.dependencies]
certifi = "*"

[package.extras]
all = ["apache-bookkeeper-client (>=4.16.1)", "fastavro (>=1.9.2)", "grpcio (>=1.60.0)", "prometheus-client", "protobuf (>=3.6.1,<=3.20.3)", "ratelimit"]
avro = ["fastavro (>=1.9.2)"]
functions = ["apache-bookkeeper-client (>=4.16.1)", "grpcio (>=1.60.0)", "prometheus-client", "protobuf (>=3.6.1,<=3.20.3)", "ratelimit"]

[[package]]
name = "python-dotenv"
version = "1.0.1"
description = "Read key-value pairs from a .env file and set them as environment variables"
optional = false
python-versions = ">=3.8"
files = [
    {file = "python-dotenv-1.0.1.tar.gz", hash = "sha256:e324ee90a023d808f1959c46bcbc04446a10ced277783dc6ee09987c37ec10ca"},
    {file = "python_dotenv-1.0.1-py3-none-any.whl", hash = "sha256:f7b63ef50f1b690dddf550d03497b66d609393b40b564ed0d674909a68ebf16a"},
]

[package.extras]
cli = ["click (>=5.0)"]

[metadata]
lock-version = "2.0"
python-versions = "==3.12.2"
content-hash = "91885ef9812d7149bb18276b23b4afb8bc1e9faecd42c59c0a31c3ebeeca2a41"
